
Microsoft Visual Studio Solution File, Format Version 12.00
# Visual Studio 15
VisualStudioVersion = 15.0.26730.16
MinimumVisualStudioVersion = 10.0.40219.1
Project("{FAE04EC0-301F-11D3-BF4B-00C04F79EFBC}") = "LutronQuantum", "LutronQuantum\LutronQuantum.csproj", "{394B5FC9-A474-4A1D-BEE9-3A03252CF244}"
EndProject
Global
	GlobalSection(SolutionConfigurationPlatforms) = preSolution
		Debug|Any CPU = Debug|Any CPU
		Release|Any CPU = Release|Any CPU
	EndGlobalSection
	GlobalSection(ProjectConfigurationPlatforms) = postSolution
		{394B5FC9-A474-4A1D-BEE9-3A03252CF244}.Debug|Any CPU.ActiveCfg = Debug|Any CPU
		{394B5FC9-A474-4A1D-BEE9-3A03252CF244}.Debug|Any CPU.Build.0 = Debug|Any CPU
		{394B5FC9-A474-4A1D-BEE9-3A03252CF244}.Release|Any CPU.ActiveCfg = Release|Any CPU
		{394B5FC9-A474-4A1D-BEE9-3A03252CF244}.Release|Any CPU.Build.0 = Release|Any CPU
	EndGlobalSection
	GlobalSection(SolutionProperties) = preSolution
		HideSolutionNode = FALSE
	EndGlobalSection
	GlobalSection(ExtensibilityGlobals) = postSolution
		SolutionGuid = {6D510E6F-F98A-49B1-9644-9F8876F1F89C}
	EndGlobalSection
EndGlobal
